
Microsoft Visual Studio Solution File, Format Version 12.00
# Visual Studio 2013
VisualStudioVersion = 12.0.30501.0
MinimumVisualStudioVersion = 10.0.40219.1
Project("{8BC9CEB8-8B4A-11D0-8D11-00A0C91BC942}") = "Cpp_Lab_02_Challenge_3", "Cpp_Lab_02_Challenge_3\Cpp_Lab_02_Challenge_3.vcxproj", "{ED6A8DD1-A53F-421C-8F8D-B2C5C834A479}"
EndProject
Global
	GlobalSection(SolutionConfigurationPlatforms) = preSolution
		Debug|Win32 = Debug|Win32
		Release|Win32 = Release|Win32
	EndGlobalSection
	GlobalSection(ProjectConfigurationPlatforms) = postSolution
		{ED6A8DD1-A53F-421C-8F8D-B2C5C834A479}.Debug|Win32.ActiveCfg = Debug|Win32
		{ED6A8DD1-A53F-421C-8F8D-B2C5C834A479}.Debug|Win32.Build.0 = Debug|Win32
		{ED6A8DD1-A53F-421C-8F8D-B2C5C834A479}.Release|Win32.ActiveCfg = Release|Win32
		{ED6A8DD1-A53F-421C-8F8D-B2C5C834A479}.Release|Win32.Build.0 = Release|Win32
	EndGlobalSection
	GlobalSection(SolutionProperties) = preSolution
		HideSolutionNode = FALSE
	EndGlobalSection
EndGlobal
